// !$*UTF8*$!
{
	archiveVersion = 1;
	classes = {
	};
	objectVersion = 56;
	objects = {

/* Begin PBXBuildFile section */
		7670A905290D31A90084D3CA /* VideoModel.swift in Sources */ = {isa = PBXBuildFile; fileRef = 7670A904290D31A90084D3CA /* VideoModel.swift */; };
		7670A907290D32390084D3CA /* VideoListItemView.swift in Sources */ = {isa = PBXBuildFile; fileRef = 7670A906290D32390084D3CA /* VideoListItemView.swift */; };
		7670A909290D3A030084D3CA /* VideoPlayerView.swift in Sources */ = {isa = PBXBuildFile; fileRef = 7670A908290D3A030084D3CA /* VideoPlayerView.swift */; };
		7670A90C290D3B180084D3CA /* VideoPlayerHelper.swift in Sources */ = {isa = PBXBuildFile; fileRef = 7670A90B290D3B180084D3CA /* VideoPlayerHelper.swift */; };
		768F3FE9290AE322005D16A2 /* Africa_AppApp.swift in Sources */ = {isa = PBXBuildFile; fileRef = 768F3FE8290AE322005D16A2 /* Africa_AppApp.swift */; };
		768F3FEB290AE322005D16A2 /* ContentView.swift in Sources */ = {isa = PBXBuildFile; fileRef = 768F3FEA290AE322005D16A2 /* ContentView.swift */; };
		768F3FED290AE323005D16A2 /* Assets.xcassets in Resources */ = {isa = PBXBuildFile; fileRef = 768F3FEC290AE323005D16A2 /* Assets.xcassets */; };
		768F3FF0290AE323005D16A2 /* Preview Assets.xcassets in Resources */ = {isa = PBXBuildFile; fileRef = 768F3FEF290AE323005D16A2 /* Preview Assets.xcassets */; };
		768F4001290AE525005D16A2 /* rhino.mp4 in Resources */ = {isa = PBXBuildFile; fileRef = 768F3FF7290AE523005D16A2 /* rhino.mp4 */; };
		768F4002290AE525005D16A2 /* elephant.mp4 in Resources */ = {isa = PBXBuildFile; fileRef = 768F3FF8290AE524005D16A2 /* elephant.mp4 */; };
		768F4003290AE525005D16A2 /* zebra.mp4 in Resources */ = {isa = PBXBuildFile; fileRef = 768F3FF9290AE524005D16A2 /* zebra.mp4 */; };
		768F4004290AE525005D16A2 /* cheetah.mp4 in Resources */ = {isa = PBXBuildFile; fileRef = 768F3FFA290AE524005D16A2 /* cheetah.mp4 */; };
		768F4005290AE525005D16A2 /* lioness.mp4 in Resources */ = {isa = PBXBuildFile; fileRef = 768F3FFB290AE524005D16A2 /* lioness.mp4 */; };
		768F4006290AE525005D16A2 /* gorilla.mp4 in Resources */ = {isa = PBXBuildFile; fileRef = 768F3FFC290AE524005D16A2 /* gorilla.mp4 */; };
		768F4007290AE525005D16A2 /* lion.mp4 in Resources */ = {isa = PBXBuildFile; fileRef = 768F3FFD290AE525005D16A2 /* lion.mp4 */; };
		768F4008290AE525005D16A2 /* hippo.mp4 in Resources */ = {isa = PBXBuildFile; fileRef = 768F3FFE290AE525005D16A2 /* hippo.mp4 */; };
		768F4009290AE525005D16A2 /* ostrich.mp4 in Resources */ = {isa = PBXBuildFile; fileRef = 768F3FFF290AE525005D16A2 /* ostrich.mp4 */; };
		768F400A290AE525005D16A2 /* giraffe.mp4 in Resources */ = {isa = PBXBuildFile; fileRef = 768F4000290AE525005D16A2 /* giraffe.mp4 */; };
		768F4010290AE56F005D16A2 /* covers.json in Resources */ = {isa = PBXBuildFile; fileRef = 768F400C290AE56F005D16A2 /* covers.json */; };
		768F4011290AE56F005D16A2 /* videos.json in Resources */ = {isa = PBXBuildFile; fileRef = 768F400D290AE56F005D16A2 /* videos.json */; };
		768F4012290AE56F005D16A2 /* locations.json in Resources */ = {isa = PBXBuildFile; fileRef = 768F400E290AE56F005D16A2 /* locations.json */; };
		768F4013290AE56F005D16A2 /* animals.json in Resources */ = {isa = PBXBuildFile; fileRef = 768F400F290AE56F005D16A2 /* animals.json */; };
		768F4017290AE7C8005D16A2 /* VideoListView.swift in Sources */ = {isa = PBXBuildFile; fileRef = 768F4016290AE7C8005D16A2 /* VideoListView.swift */; };
		768F4019290AE7E8005D16A2 /* MapView.swift in Sources */ = {isa = PBXBuildFile; fileRef = 768F4018290AE7E8005D16A2 /* MapView.swift */; };
		768F401B290AE7F9005D16A2 /* GalleryView.swift in Sources */ = {isa = PBXBuildFile; fileRef = 768F401A290AE7F9005D16A2 /* GalleryView.swift */; };
		768F401D290AE80E005D16A2 /* MainView.swift in Sources */ = {isa = PBXBuildFile; fileRef = 768F401C290AE80E005D16A2 /* MainView.swift */; };
		768F4020290AEA95005D16A2 /* CoverImageView.swift in Sources */ = {isa = PBXBuildFile; fileRef = 768F401F290AEA95005D16A2 /* CoverImageView.swift */; };
		768F4023290AED0C005D16A2 /* CoverImageModel.swift in Sources */ = {isa = PBXBuildFile; fileRef = 768F4022290AED0C005D16A2 /* CoverImageModel.swift */; };
		768F4026290AEE54005D16A2 /* CodableBundleExtension.swift in Sources */ = {isa = PBXBuildFile; fileRef = 768F4025290AEE54005D16A2 /* CodableBundleExtension.swift */; };
		76B58C49290C13B3000B6D26 /* AnimalListView.swift in Sources */ = {isa = PBXBuildFile; fileRef = 76B58C48290C13B3000B6D26 /* AnimalListView.swift */; };
		76B58C4B290C1550000B6D26 /* AnimalModel.swift in Sources */ = {isa = PBXBuildFile; fileRef = 76B58C4A290C1550000B6D26 /* AnimalModel.swift */; };
		76B58C4D290C1888000B6D26 /* AnimalDetailView.swift in Sources */ = {isa = PBXBuildFile; fileRef = 76B58C4C290C1888000B6D26 /* AnimalDetailView.swift */; };
		76B58C4F290C1AA0000B6D26 /* HeadingView.swift in Sources */ = {isa = PBXBuildFile; fileRef = 76B58C4E290C1AA0000B6D26 /* HeadingView.swift */; };
		76B58C51290C1BBB000B6D26 /* InsetGalleryView.swift in Sources */ = {isa = PBXBuildFile; fileRef = 76B58C50290C1BBB000B6D26 /* InsetGalleryView.swift */; };
		76B58C53290C269D000B6D26 /* InsetFactView.swift in Sources */ = {isa = PBXBuildFile; fileRef = 76B58C52290C269D000B6D26 /* InsetFactView.swift */; };
		76B58C55290C2B35000B6D26 /* InsetMapVIew.swift in Sources */ = {isa = PBXBuildFile; fileRef = 76B58C54290C2B35000B6D26 /* InsetMapVIew.swift */; };
		76B58C57290C2EF6000B6D26 /* ExternalWeblinkView.swift in Sources */ = {isa = PBXBuildFile; fileRef = 76B58C56290C2EF6000B6D26 /* ExternalWeblinkView.swift */; };
/* End PBXBuildFile section */

/* Begin PBXFileReference section */
		7670A904290D31A90084D3CA /* VideoModel.swift */ = {isa = PBXFileReference; lastKnownFileType = sourcecode.swift; path = VideoModel.swift; sourceTree = "<group>"; };
		7670A906290D32390084D3CA /* VideoListItemView.swift */ = {isa = PBXFileReference; lastKnownFileType = sourcecode.swift; path = VideoListItemView.swift; sourceTree = "<group>"; };
		7670A908290D3A030084D3CA /* VideoPlayerView.swift */ = {isa = PBXFileReference; lastKnownFileType = sourcecode.swift; path = VideoPlayerView.swift; sourceTree = "<group>"; };
		7670A90B290D3B180084D3CA /* VideoPlayerHelper.swift */ = {isa = PBXFileReference; lastKnownFileType = sourcecode.swift; path = VideoPlayerHelper.swift; sourceTree = "<group>"; };
		768F3FE5290AE322005D16A2 /* Africa_App.app */ = {isa = PBXFileReference; explicitFileType = wrapper.application; includeInIndex = 0; path = Africa_App.app; sourceTree = BUILT_PRODUCTS_DIR; };
		768F3FE8290AE322005D16A2 /* Africa_AppApp.swift */ = {isa = PBXFileReference; lastKnownFileType = sourcecode.swift; path = Africa_AppApp.swift; sourceTree = "<group>"; };
		768F3FEA290AE322005D16A2 /* ContentView.swift */ = {isa = PBXFileReference; lastKnownFileType = sourcecode.swift; path = ContentView.swift; sourceTree = "<group>"; };
		768F3FEC290AE323005D16A2 /* Assets.xcassets */ = {isa = PBXFileReference; lastKnownFileType = folder.assetcatalog; path = Assets.xcassets; sourceTree = "<group>"; };
		768F3FEF290AE323005D16A2 /* Preview Assets.xcassets */ = {isa = PBXFileReference; lastKnownFileType = folder.assetcatalog; path = "Preview Assets.xcassets"; sourceTree = "<group>"; };
		768F3FF7290AE523005D16A2 /* rhino.mp4 */ = {isa = PBXFileReference; lastKnownFileType = file; path = rhino.mp4; sourceTree = "<group>"; };
		768F3FF8290AE524005D16A2 /* elephant.mp4 */ = {isa = PBXFileReference; lastKnownFileType = file; path = elephant.mp4; sourceTree = "<group>"; };
		768F3FF9290AE524005D16A2 /* zebra.mp4 */ = {isa = PBXFileReference; lastKnownFileType = file; path = zebra.mp4; sourceTree = "<group>"; };
		768F3FFA290AE524005D16A2 /* cheetah.mp4 */ = {isa = PBXFileReference; lastKnownFileType = file; path = cheetah.mp4; sourceTree = "<group>"; };
		768F3FFB290AE524005D16A2 /* lioness.mp4 */ = {isa = PBXFileReference; lastKnownFileType = file; path = lioness.mp4; sourceTree = "<group>"; };
		768F3FFC290AE524005D16A2 /* gorilla.mp4 */ = {isa = PBXFileReference; lastKnownFileType = file; path = gorilla.mp4; sourceTree = "<group>"; };
		768F3FFD290AE525005D16A2 /* lion.mp4 */ = {isa = PBXFileReference; lastKnownFileType = file; path = lion.mp4; sourceTree = "<group>"; };
		768F3FFE290AE525005D16A2 /* hippo.mp4 */ = {isa = PBXFileReference; lastKnownFileType = file; path = hippo.mp4; sourceTree = "<group>"; };
		768F3FFF290AE525005D16A2 /* ostrich.mp4 */ = {isa = PBXFileReference; lastKnownFileType = file; path = ostrich.mp4; sourceTree = "<group>"; };
		768F4000290AE525005D16A2 /* giraffe.mp4 */ = {isa = PBXFileReference; lastKnownFileType = file; path = giraffe.mp4; sourceTree = "<group>"; };
		768F400C290AE56F005D16A2 /* covers.json */ = {isa = PBXFileReference; fileEncoding = 4; lastKnownFileType = text.json; path = covers.json; sourceTree = "<group>"; };
		768F400D290AE56F005D16A2 /* videos.json */ = {isa = PBXFileReference; fileEncoding = 4; lastKnownFileType = text.json; path = videos.json; sourceTree = "<group>"; };
		768F400E290AE56F005D16A2 /* locations.json */ = {isa = PBXFileReference; fileEncoding = 4; lastKnownFileType = text.json; path = locations.json; sourceTree = "<group>"; };
		768F400F290AE56F005D16A2 /* animals.json */ = {isa = PBXFileReference; fileEncoding = 4; lastKnownFileType = text.json; path = animals.json; sourceTree = "<group>"; };
		768F4014290AE663005D16A2 /* Africa-App-Info.plist */ = {isa = PBXFileReference; lastKnownFileType = text.plist; path = "Africa-App-Info.plist"; sourceTree = SOURCE_ROOT; };
		768F4016290AE7C8005D16A2 /* VideoListView.swift */ = {isa = PBXFileReference; lastKnownFileType = sourcecode.swift; path = VideoListView.swift; sourceTree = "<group>"; };
		768F4018290AE7E8005D16A2 /* MapView.swift */ = {isa = PBXFileReference; lastKnownFileType = sourcecode.swift; path = MapView.swift; sourceTree = "<group>"; };
		768F401A290AE7F9005D16A2 /* GalleryView.swift */ = {isa = PBXFileReference; lastKnownFileType = sourcecode.swift; path = GalleryView.swift; sourceTree = "<group>"; };
		768F401C290AE80E005D16A2 /* MainView.swift */ = {isa = PBXFileReference; lastKnownFileType = sourcecode.swift; path = MainView.swift; sourceTree = "<group>"; };
		768F401F290AEA95005D16A2 /* CoverImageView.swift */ = {isa = PBXFileReference; lastKnownFileType = sourcecode.swift; path = CoverImageView.swift; sourceTree = "<group>"; };
		768F4022290AED0C005D16A2 /* CoverImageModel.swift */ = {isa = PBXFileReference; lastKnownFileType = sourcecode.swift; path = CoverImageModel.swift; sourceTree = "<group>"; };
		768F4025290AEE54005D16A2 /* CodableBundleExtension.swift */ = {isa = PBXFileReference; lastKnownFileType = sourcecode.swift; path = CodableBundleExtension.swift; sourceTree = "<group>"; };
		76B58C48290C13B3000B6D26 /* AnimalListView.swift */ = {isa = PBXFileReference; lastKnownFileType = sourcecode.swift; path = AnimalListView.swift; sourceTree = "<group>"; };
		76B58C4A290C1550000B6D26 /* AnimalModel.swift */ = {isa = PBXFileReference; lastKnownFileType = sourcecode.swift; path = AnimalModel.swift; sourceTree = "<group>"; };
		76B58C4C290C1888000B6D26 /* AnimalDetailView.swift */ = {isa = PBXFileReference; lastKnownFileType = sourcecode.swift; path = AnimalDetailView.swift; sourceTree = "<group>"; };
		76B58C4E290C1AA0000B6D26 /* HeadingView.swift */ = {isa = PBXFileReference; lastKnownFileType = sourcecode.swift; path = HeadingView.swift; sourceTree = "<group>"; };
		76B58C50290C1BBB000B6D26 /* InsetGalleryView.swift */ = {isa = PBXFileReference; lastKnownFileType = sourcecode.swift; path = InsetGalleryView.swift; sourceTree = "<group>"; };
		76B58C52290C269D000B6D26 /* InsetFactView.swift */ = {isa = PBXFileReference; lastKnownFileType = sourcecode.swift; path = InsetFactView.swift; sourceTree = "<group>"; };
		76B58C54290C2B35000B6D26 /* InsetMapVIew.swift */ = {isa = PBXFileReference; lastKnownFileType = sourcecode.swift; path = InsetMapVIew.swift; sourceTree = "<group>"; };
		76B58C56290C2EF6000B6D26 /* ExternalWeblinkView.swift */ = {isa = PBXFileReference; lastKnownFileType = sourcecode.swift; path = ExternalWeblinkView.swift; sourceTree = "<group>"; };
/* End PBXFileReference section */

/* Begin PBXFrameworksBuildPhase section */
		768F3FE2290AE322005D16A2 /* Frameworks */ = {
			isa = PBXFrameworksBuildPhase;
			buildActionMask = 2147483647;
			files = (
			);
			runOnlyForDeploymentPostprocessing = 0;
		};
/* End PBXFrameworksBuildPhase section */

/* Begin PBXGroup section */
		7670A90A290D3AFA0084D3CA /* Helper */ = {
			isa = PBXGroup;
			children = (
				7670A90B290D3B180084D3CA /* VideoPlayerHelper.swift */,
			);
			path = Helper;
			sourceTree = "<group>";
		};
		768F3FDC290AE322005D16A2 = {
			isa = PBXGroup;
			children = (
				768F3FE7290AE322005D16A2 /* Africa_App */,
				768F3FE6290AE322005D16A2 /* Products */,
			);
			sourceTree = "<group>";
		};
		768F3FE6290AE322005D16A2 /* Products */ = {
			isa = PBXGroup;
			children = (
				768F3FE5290AE322005D16A2 /* Africa_App.app */,
			);
			name = Products;
			sourceTree = "<group>";
		};
		768F3FE7290AE322005D16A2 /* Africa_App */ = {
			isa = PBXGroup;
			children = (
				7670A90A290D3AFA0084D3CA /* Helper */,
				768F4024290AEE3D005D16A2 /* Extension */,
				768F4021290AECF9005D16A2 /* Model */,
				768F401E290AEA83005D16A2 /* View */,
				768F4014290AE663005D16A2 /* Africa-App-Info.plist */,
				768F400B290AE54D005D16A2 /* Data */,
				768F3FF6290AE4F1005D16A2 /* Video */,
				768F4015290AE77E005D16A2 /* App */,
				768F3FEC290AE323005D16A2 /* Assets.xcassets */,
				768F3FEE290AE323005D16A2 /* Preview Content */,
			);
			path = Africa_App;
			sourceTree = "<group>";
		};
		768F3FEE290AE323005D16A2 /* Preview Content */ = {
			isa = PBXGroup;
			children = (
				768F3FEF290AE323005D16A2 /* Preview Assets.xcassets */,
			);
			path = "Preview Content";
			sourceTree = "<group>";
		};
		768F3FF6290AE4F1005D16A2 /* Video */ = {
			isa = PBXGroup;
			children = (
				768F3FFA290AE524005D16A2 /* cheetah.mp4 */,
				768F3FF8290AE524005D16A2 /* elephant.mp4 */,
				768F4000290AE525005D16A2 /* giraffe.mp4 */,
				768F3FFC290AE524005D16A2 /* gorilla.mp4 */,
				768F3FFE290AE525005D16A2 /* hippo.mp4 */,
				768F3FFD290AE525005D16A2 /* lion.mp4 */,
				768F3FFB290AE524005D16A2 /* lioness.mp4 */,
				768F3FFF290AE525005D16A2 /* ostrich.mp4 */,
				768F3FF7290AE523005D16A2 /* rhino.mp4 */,
				768F3FF9290AE524005D16A2 /* zebra.mp4 */,
			);
			path = Video;
			sourceTree = "<group>";
		};
		768F400B290AE54D005D16A2 /* Data */ = {
			isa = PBXGroup;
			children = (
				768F400F290AE56F005D16A2 /* animals.json */,
				768F400C290AE56F005D16A2 /* covers.json */,
				768F400E290AE56F005D16A2 /* locations.json */,
				768F400D290AE56F005D16A2 /* videos.json */,
			);
			path = Data;
			sourceTree = "<group>";
		};
		768F4015290AE77E005D16A2 /* App */ = {
			isa = PBXGroup;
			children = (
				768F3FE8290AE322005D16A2 /* Africa_AppApp.swift */,
				768F3FEA290AE322005D16A2 /* ContentView.swift */,
				768F4016290AE7C8005D16A2 /* VideoListView.swift */,
				768F4018290AE7E8005D16A2 /* MapView.swift */,
				768F401A290AE7F9005D16A2 /* GalleryView.swift */,
				768F401C290AE80E005D16A2 /* MainView.swift */,
			);
			path = App;
			sourceTree = "<group>";
		};
		768F401E290AEA83005D16A2 /* View */ = {
			isa = PBXGroup;
			children = (
				768F401F290AEA95005D16A2 /* CoverImageView.swift */,
				76B58C48290C13B3000B6D26 /* AnimalListView.swift */,
				76B58C4C290C1888000B6D26 /* AnimalDetailView.swift */,
				76B58C4E290C1AA0000B6D26 /* HeadingView.swift */,
				76B58C50290C1BBB000B6D26 /* InsetGalleryView.swift */,
				76B58C52290C269D000B6D26 /* InsetFactView.swift */,
				76B58C54290C2B35000B6D26 /* InsetMapVIew.swift */,
				76B58C56290C2EF6000B6D26 /* ExternalWeblinkView.swift */,
				7670A906290D32390084D3CA /* VideoListItemView.swift */,
				7670A908290D3A030084D3CA /* VideoPlayerView.swift */,
			);
			path = View;
			sourceTree = "<group>";
		};
		768F4021290AECF9005D16A2 /* Model */ = {
			isa = PBXGroup;
			children = (
				768F4022290AED0C005D16A2 /* CoverImageModel.swift */,
				76B58C4A290C1550000B6D26 /* AnimalModel.swift */,
				7670A904290D31A90084D3CA /* VideoModel.swift */,
			);
			path = Model;
			sourceTree = "<group>";
		};
		768F4024290AEE3D005D16A2 /* Extension */ = {
			isa = PBXGroup;
			children = (
				768F4025290AEE54005D16A2 /* CodableBundleExtension.swift */,
			);
			path = Extension;
			sourceTree = "<group>";
		};
/* End PBXGroup section */

/* Begin PBXNativeTarget section */
		768F3FE4290AE322005D16A2 /* Africa_App */ = {
			isa = PBXNativeTarget;
			buildConfigurationList = 768F3FF3290AE323005D16A2 /* Build configuration list for PBXNativeTarget "Africa_App" */;
			buildPhases = (
				768F3FE1290AE322005D16A2 /* Sources */,
				768F3FE2290AE322005D16A2 /* Frameworks */,
				768F3FE3290AE322005D16A2 /* Resources */,
			);
			buildRules = (
			);
			dependencies = (
			);
			name = Africa_App;
			productName = Africa_App;
			productReference = 768F3FE5290AE322005D16A2 /* Africa_App.app */;
			productType = "com.apple.product-type.application";
		};
/* End PBXNativeTarget section */

/* Begin PBXProject section */
		768F3FDD290AE322005D16A2 /* Project object */ = {
			isa = PBXProject;
			attributes = {
				BuildIndependentTargetsInParallel = 1;
				LastSwiftUpdateCheck = 1400;
				LastUpgradeCheck = 1400;
				TargetAttributes = {
					768F3FE4290AE322005D16A2 = {
						CreatedOnToolsVersion = 14.0.1;
					};
				};
			};
			buildConfigurationList = 768F3FE0290AE322005D16A2 /* Build configuration list for PBXProject "Africa_App" */;
			compatibilityVersion = "Xcode 14.0";
			developmentRegion = en;
			hasScannedForEncodings = 0;
			knownRegions = (
				en,
				Base,
			);
			mainGroup = 768F3FDC290AE322005D16A2;
			productRefGroup = 768F3FE6290AE322005D16A2 /* Products */;
			projectDirPath = "";
			projectRoot = "";
			targets = (
				768F3FE4290AE322005D16A2 /* Africa_App */,
			);
		};
/* End PBXProject section */

/* Begin PBXResourcesBuildPhase section */
		768F3FE3290AE322005D16A2 /* Resources */ = {
			isa = PBXResourcesBuildPhase;
			buildActionMask = 2147483647;
			files = (
				768F4010290AE56F005D16A2 /* covers.json in Resources */,
				768F4008290AE525005D16A2 /* hippo.mp4 in Resources */,
				768F4002290AE525005D16A2 /* elephant.mp4 in Resources */,
				768F4011290AE56F005D16A2 /* videos.json in Resources */,
				768F400A290AE525005D16A2 /* giraffe.mp4 in Resources */,
				768F4003290AE525005D16A2 /* zebra.mp4 in Resources */,
				768F4004290AE525005D16A2 /* cheetah.mp4 in Resources */,
				768F4012290AE56F005D16A2 /* locations.json in Resources */,
				768F4001290AE525005D16A2 /* rhino.mp4 in Resources */,
				768F4013290AE56F005D16A2 /* animals.json in Resources */,
				768F4006290AE525005D16A2 /* gorilla.mp4 in Resources */,
				768F3FF0290AE323005D16A2 /* Preview Assets.xcassets in Resources */,
				768F4005290AE525005D16A2 /* lioness.mp4 in Resources */,
				768F4007290AE525005D16A2 /* lion.mp4 in Resources */,
				768F3FED290AE323005D16A2 /* Assets.xcassets in Resources */,
				768F4009290AE525005D16A2 /* ostrich.mp4 in Resources */,
			);
			runOnlyForDeploymentPostprocessing = 0;
		};
/* End PBXResourcesBuildPhase section */

/* Begin PBXSourcesBuildPhase section */
		768F3FE1290AE322005D16A2 /* Sources */ = {
			isa = PBXSourcesBuildPhase;
			buildActionMask = 2147483647;
			files = (
				76B58C57290C2EF6000B6D26 /* ExternalWeblinkView.swift in Sources */,
				76B58C49290C13B3000B6D26 /* AnimalListView.swift in Sources */,
				768F3FEB290AE322005D16A2 /* ContentView.swift in Sources */,
				768F401D290AE80E005D16A2 /* MainView.swift in Sources */,
				76B58C53290C269D000B6D26 /* InsetFactView.swift in Sources */,
				768F4020290AEA95005D16A2 /* CoverImageView.swift in Sources */,
				768F4023290AED0C005D16A2 /* CoverImageModel.swift in Sources */,
				76B58C4D290C1888000B6D26 /* AnimalDetailView.swift in Sources */,
				76B58C4B290C1550000B6D26 /* AnimalModel.swift in Sources */,
				768F4019290AE7E8005D16A2 /* MapView.swift in Sources */,
				7670A90C290D3B180084D3CA /* VideoPlayerHelper.swift in Sources */,
				76B58C55290C2B35000B6D26 /* InsetMapVIew.swift in Sources */,
				768F3FE9290AE322005D16A2 /* Africa_AppApp.swift in Sources */,
				768F4017290AE7C8005D16A2 /* VideoListView.swift in Sources */,
				7670A905290D31A90084D3CA /* VideoModel.swift in Sources */,
				768F401B290AE7F9005D16A2 /* GalleryView.swift in Sources */,
				76B58C51290C1BBB000B6D26 /* InsetGalleryView.swift in Sources */,
				7670A907290D32390084D3CA /* VideoListItemView.swift in Sources */,
				768F4026290AEE54005D16A2 /* CodableBundleExtension.swift in Sources */,
				76B58C4F290C1AA0000B6D26 /* HeadingView.swift in Sources */,
				7670A909290D3A030084D3CA /* VideoPlayerView.swift in Sources */,
			);
			runOnlyForDeploymentPostprocessing = 0;
		};
/* End PBXSourcesBuildPhase section */

/* Begin XCBuildConfiguration section */
		768F3FF1290AE323005D16A2 /* Debug */ = {
			isa = XCBuildConfiguration;
			buildSettings = {
				ALWAYS_SEARCH_USER_PATHS = NO;
				CLANG_ANALYZER_NONNULL = YES;
				CLANG_ANALYZER_NUMBER_OBJECT_CONVERSION = YES_AGGRESSIVE;
				CLANG_CXX_LANGUAGE_STANDARD = "gnu++20";
				CLANG_ENABLE_MODULES = YES;
				CLANG_ENABLE_OBJC_ARC = YES;
				CLANG_ENABLE_OBJC_WEAK = YES;
				CLANG_WARN_BLOCK_CAPTURE_AUTORELEASING = YES;
				CLANG_WARN_BOOL_CONVERSION = YES;
				CLANG_WARN_COMMA = YES;
				CLANG_WARN_CONSTANT_CONVERSION = YES;
				CLANG_WARN_DEPRECATED_OBJC_IMPLEMENTATIONS = YES;
				CLANG_WARN_DIRECT_OBJC_ISA_USAGE = YES_ERROR;
				CLANG_WARN_DOCUMENTATION_COMMENTS = YES;
				CLANG_WARN_EMPTY_BODY = YES;
				CLANG_WARN_ENUM_CONVERSION = YES;
				CLANG_WARN_INFINITE_RECURSION = YES;
				CLANG_WARN_INT_CONVERSION = YES;
				CLANG_WARN_NON_LITERAL_NULL_CONVERSION = YES;
				CLANG_WARN_OBJC_IMPLICIT_RETAIN_SELF = YES;
				CLANG_WARN_OBJC_LITERAL_CONVERSION = YES;
				CLANG_WARN_OBJC_ROOT_CLASS = YES_ERROR;
				CLANG_WARN_QUOTED_INCLUDE_IN_FRAMEWORK_HEADER = YES;
				CLANG_WARN_RANGE_LOOP_ANALYSIS = YES;
				CLANG_WARN_STRICT_PROTOTYPES = YES;
				CLANG_WARN_SUSPICIOUS_MOVE = YES;
				CLANG_WARN_UNGUARDED_AVAILABILITY = YES_AGGRESSIVE;
				CLANG_WARN_UNREACHABLE_CODE = YES;
				CLANG_WARN__DUPLICATE_METHOD_MATCH = YES;
				COPY_PHASE_STRIP = NO;
				DEBUG_INFORMATION_FORMAT = dwarf;
				ENABLE_STRICT_OBJC_MSGSEND = YES;
				ENABLE_TESTABILITY = YES;
				GCC_C_LANGUAGE_STANDARD = gnu11;
				GCC_DYNAMIC_NO_PIC = NO;
				GCC_NO_COMMON_BLOCKS = YES;
				GCC_OPTIMIZATION_LEVEL = 0;
				GCC_PREPROCESSOR_DEFINITIONS = (
					"DEBUG=1",
					"$(inherited)",
				);
				GCC_WARN_64_TO_32_BIT_CONVERSION = YES;
				GCC_WARN_ABOUT_RETURN_TYPE = YES_ERROR;
				GCC_WARN_UNDECLARED_SELECTOR = YES;
				GCC_WARN_UNINITIALIZED_AUTOS = YES_AGGRESSIVE;
				GCC_WARN_UNUSED_FUNCTION = YES;
				GCC_WARN_UNUSED_VARIABLE = YES;
				IPHONEOS_DEPLOYMENT_TARGET = 16.0;
				MTL_ENABLE_DEBUG_INFO = INCLUDE_SOURCE;
				MTL_FAST_MATH = YES;
				ONLY_ACTIVE_ARCH = YES;
				SDKROOT = iphoneos;
				SWIFT_ACTIVE_COMPILATION_CONDITIONS = DEBUG;
				SWIFT_OPTIMIZATION_LEVEL = "-Onone";
			};
			name = Debug;
		};
		768F3FF2290AE323005D16A2 /* Release */ = {
			isa = XCBuildConfiguration;
			buildSettings = {
				ALWAYS_SEARCH_USER_PATHS = NO;
				CLANG_ANALYZER_NONNULL = YES;
				CLANG_ANALYZER_NUMBER_OBJECT_CONVERSION = YES_AGGRESSIVE;
				CLANG_CXX_LANGUAGE_STANDARD = "gnu++20";
				CLANG_ENABLE_MODULES = YES;
				CLANG_ENABLE_OBJC_ARC = YES;
				CLANG_ENABLE_OBJC_WEAK = YES;
				CLANG_WARN_BLOCK_CAPTURE_AUTORELEASING = YES;
				CLANG_WARN_BOOL_CONVERSION = YES;
				CLANG_WARN_COMMA = YES;
				CLANG_WARN_CONSTANT_CONVERSION = YES;
				CLANG_WARN_DEPRECATED_OBJC_IMPLEMENTATIONS = YES;
				CLANG_WARN_DIRECT_OBJC_ISA_USAGE = YES_ERROR;
				CLANG_WARN_DOCUMENTATION_COMMENTS = YES;
				CLANG_WARN_EMPTY_BODY = YES;
				CLANG_WARN_ENUM_CONVERSION = YES;
				CLANG_WARN_INFINITE_RECURSION = YES;
				CLANG_WARN_INT_CONVERSION = YES;
				CLANG_WARN_NON_LITERAL_NULL_CONVERSION = YES;
				CLANG_WARN_OBJC_IMPLICIT_RETAIN_SELF = YES;
				CLANG_WARN_OBJC_LITERAL_CONVERSION = YES;
				CLANG_WARN_OBJC_ROOT_CLASS = YES_ERROR;
				CLANG_WARN_QUOTED_INCLUDE_IN_FRAMEWORK_HEADER = YES;
				CLANG_WARN_RANGE_LOOP_ANALYSIS = YES;
				CLANG_WARN_STRICT_PROTOTYPES = YES;
				CLANG_WARN_SUSPICIOUS_MOVE = YES;
				CLANG_WARN_UNGUARDED_AVAILABILITY = YES_AGGRESSIVE;
				CLANG_WARN_UNREACHABLE_CODE = YES;
				CLANG_WARN__DUPLICATE_METHOD_MATCH = YES;
				COPY_PHASE_STRIP = NO;
				DEBUG_INFORMATION_FORMAT = "dwarf-with-dsym";
				ENABLE_NS_ASSERTIONS = NO;
				ENABLE_STRICT_OBJC_MSGSEND = YES;
				GCC_C_LANGUAGE_STANDARD = gnu11;
				GCC_NO_COMMON_BLOCKS = YES;
				GCC_WARN_64_TO_32_BIT_CONVERSION = YES;
				GCC_WARN_ABOUT_RETURN_TYPE = YES_ERROR;
				GCC_WARN_UNDECLARED_SELECTOR = YES;
				GCC_WARN_UNINITIALIZED_AUTOS = YES_AGGRESSIVE;
				GCC_WARN_UNUSED_FUNCTION = YES;
				GCC_WARN_UNUSED_VARIABLE = YES;
				IPHONEOS_DEPLOYMENT_TARGET = 16.0;
				MTL_ENABLE_DEBUG_INFO = NO;
				MTL_FAST_MATH = YES;
				SDKROOT = iphoneos;
				SWIFT_COMPILATION_MODE = wholemodule;
				SWIFT_OPTIMIZATION_LEVEL = "-O";
				VALIDATE_PRODUCT = YES;
			};
			name = Release;
		};
		768F3FF4290AE323005D16A2 /* Debug */ = {
			isa = XCBuildConfiguration;
			buildSettings = {
				ASSETCATALOG_COMPILER_APPICON_NAME = AppIcon;
				ASSETCATALOG_COMPILER_GLOBAL_ACCENT_COLOR_NAME = AccentColor;
				CODE_SIGN_STYLE = Automatic;
				CURRENT_PROJECT_VERSION = 1;
				DEVELOPMENT_ASSET_PATHS = "\"Africa_App/Preview Content\"";
				DEVELOPMENT_TEAM = THGV2QJ4R5;
				ENABLE_PREVIEWS = YES;
				GENERATE_INFOPLIST_FILE = YES;
				INFOPLIST_FILE = "Africa-App-Info.plist";
				INFOPLIST_KEY_UIApplicationSceneManifest_Generation = YES;
				INFOPLIST_KEY_UIApplicationSupportsIndirectInputEvents = YES;
				INFOPLIST_KEY_UISupportedInterfaceOrientations_iPad = "UIInterfaceOrientationPortrait UIInterfaceOrientationPortraitUpsideDown UIInterfaceOrientationLandscapeLeft UIInterfaceOrientationLandscapeRight";
				INFOPLIST_KEY_UISupportedInterfaceOrientations_iPhone = "UIInterfaceOrientationPortrait UIInterfaceOrientationLandscapeLeft UIInterfaceOrientationLandscapeRight";
				INFOPLIST_KEY_UIUserInterfaceStyle = Dark;
				IPHONEOS_DEPLOYMENT_TARGET = 14.4;
				LD_RUNPATH_SEARCH_PATHS = (
					"$(inherited)",
					"@executable_path/Frameworks",
				);
				MARKETING_VERSION = 1.0;
				PRODUCT_BUNDLE_IDENTIFIER = "AleksandrKhristichenko.Africa-App";
				PRODUCT_NAME = "$(TARGET_NAME)";
				SWIFT_EMIT_LOC_STRINGS = YES;
				SWIFT_VERSION = 5.0;
				TARGETED_DEVICE_FAMILY = "1,2";
			};
			name = Debug;
		};
		768F3FF5290AE323005D16A2 /* Release */ = {
			isa = XCBuildConfiguration;
			buildSettings = {
				ASSETCATALOG_COMPILER_APPICON_NAME = AppIcon;
				ASSETCATALOG_COMPILER_GLOBAL_ACCENT_COLOR_NAME = AccentColor;
				CODE_SIGN_STYLE = Automatic;
				CURRENT_PROJECT_VERSION = 1;
				DEVELOPMENT_ASSET_PATHS = "\"Africa_App/Preview Content\"";
				DEVELOPMENT_TEAM = THGV2QJ4R5;
				ENABLE_PREVIEWS = YES;
				GENERATE_INFOPLIST_FILE = YES;
				INFOPLIST_FILE = "Africa-App-Info.plist";
				INFOPLIST_KEY_UIApplicationSceneManifest_Generation = YES;
				INFOPLIST_KEY_UIApplicationSupportsIndirectInputEvents = YES;
				INFOPLIST_KEY_UISupportedInterfaceOrientations_iPad = "UIInterfaceOrientationPortrait UIInterfaceOrientationPortraitUpsideDown UIInterfaceOrientationLandscapeLeft UIInterfaceOrientationLandscapeRight";
				INFOPLIST_KEY_UISupportedInterfaceOrientations_iPhone = "UIInterfaceOrientationPortrait UIInterfaceOrientationLandscapeLeft UIInterfaceOrientationLandscapeRight";
				INFOPLIST_KEY_UIUserInterfaceStyle = Dark;
				IPHONEOS_DEPLOYMENT_TARGET = 14.4;
				LD_RUNPATH_SEARCH_PATHS = (
					"$(inherited)",
					"@executable_path/Frameworks",
				);
				MARKETING_VERSION = 1.0;
				PRODUCT_BUNDLE_IDENTIFIER = "AleksandrKhristichenko.Africa-App";
				PRODUCT_NAME = "$(TARGET_NAME)";
				SWIFT_EMIT_LOC_STRINGS = YES;
				SWIFT_VERSION = 5.0;
				TARGETED_DEVICE_FAMILY = "1,2";
			};
			name = Release;
		};
/* End XCBuildConfiguration section */

/* Begin XCConfigurationList section */
		768F3FE0290AE322005D16A2 /* Build configuration list for PBXProject "Africa_App" */ = {
			isa = XCConfigurationList;
			buildConfigurations = (
				768F3FF1290AE323005D16A2 /* Debug */,
				768F3FF2290AE323005D16A2 /* Release */,
			);
			defaultConfigurationIsVisible = 0;
			defaultConfigurationName = Release;
		};
		768F3FF3290AE323005D16A2 /* Build configuration list for PBXNativeTarget "Africa_App" */ = {
			isa = XCConfigurationList;
			buildConfigurations = (
				768F3FF4290AE323005D16A2 /* Debug */,
				768F3FF5290AE323005D16A2 /* Release */,
			);
			defaultConfigurationIsVisible = 0;
			defaultConfigurationName = Release;
		};
/* End XCConfigurationList section */
	};
	rootObject = 768F3FDD290AE322005D16A2 /* Project object */;
}
